
Microsoft Visual Studio Solution File, Format Version 12.00
# Visual Studio Version 16
VisualStudioVersion = 16.0.30413.136
MinimumVisualStudioVersion = 10.0.40219.1
Project("{8BC9CEB8-8B4A-11D0-8D11-00A0C91BC942}") = "AvaacGL", "AvaacGL\AvaacGL.vcxproj", "{FE5537A4-889A-413A-8331-345E23BE398A}"
EndProject
Project("{8BC9CEB8-8B4A-11D0-8D11-00A0C91BC942}") = "PhillyInvaders", "PhillyInvaders\PhillyInvaders.vcxproj", "{CCDFCDD1-AE34-4851-8B21-C24DB34485E5}"
EndProject
Global
	GlobalSection(SolutionConfigurationPlatforms) = preSolution
		Debug|x86 = Debug|x86
		Release|x86 = Release|x86
	EndGlobalSection
	GlobalSection(ProjectConfigurationPlatforms) = postSolution
		{FE5537A4-889A-413A-8331-345E23BE398A}.Debug|x86.ActiveCfg = Debug|Win32
		{FE5537A4-889A-413A-8331-345E23BE398A}.Debug|x86.Build.0 = Debug|Win32
		{FE5537A4-889A-413A-8331-345E23BE398A}.Release|x86.ActiveCfg = Release|Win32
		{FE5537A4-889A-413A-8331-345E23BE398A}.Release|x86.Build.0 = Release|Win32
		{CCDFCDD1-AE34-4851-8B21-C24DB34485E5}.Debug|x86.ActiveCfg = Debug|Win32
		{CCDFCDD1-AE34-4851-8B21-C24DB34485E5}.Debug|x86.Build.0 = Debug|Win32
		{CCDFCDD1-AE34-4851-8B21-C24DB34485E5}.Release|x86.ActiveCfg = Release|Win32
		{CCDFCDD1-AE34-4851-8B21-C24DB34485E5}.Release|x86.Build.0 = Release|Win32
	EndGlobalSection
	GlobalSection(SolutionProperties) = preSolution
		HideSolutionNode = FALSE
	EndGlobalSection
	GlobalSection(ExtensibilityGlobals) = postSolution
		SolutionGuid = {121CF25A-780A-429C-8DA6-A94515778ECC}
	EndGlobalSection
EndGlobal
